<?xml version="1.0" encoding="utf-8"?>
<Project ToolsVersion="4.0" xmlns="http://schemas.microsoft.com/developer/msbuild/2003">
  <ItemGroup>
    <Filter Include="Source Files">
      <UniqueIdentifier>{4FC737F1-C7A5-4376-A066-2A32D752A2FF}</UniqueIdentifier>
      <Extensions>cpp;c;cc;cxx;def;odl;idl;hpj;bat;asm;asmx</Extensions>
    </Filter>
    <Filter Include="Header Files">
      <UniqueIdentifier>{93995380-89BD-4b04-88EB-625FBE52EBFB}</UniqueIdentifier>
      <Extensions>h;hh;hpp;hxx;hm;inl;inc;xsd</Extensions>
    </Filter>
    <Filter Include="Resource Files">
      <UniqueIdentifier>{67DA6AB6-F800-4c08-8B7A-83BB121AAD01}</UniqueIdentifier>
      <Extensions>rc;ico;cur;bmp;dlg;rc2;rct;bin;rgs;gif;jpg;jpeg;jpe;resx;tiff;tif;png;wav;mfcribbon-ms</Extensions>
    </Filter>
    <Filter Include="Header Files\FastMat">
      <UniqueIdentifier>{cd03427a-6ffc-45ee-8760-e089b5b5e324}</UniqueIdentifier>
    </Filter>
    <Filter Include="Source Files\FastMat">
      <UniqueIdentifier>{f40012c4-033d-450b-bec0-b26619590f9c}</UniqueIdentifier>
    </Filter>
  </ItemGroup>
  <ItemGroup>
    <ClInclude Include="Distribution.h">
      <Filter>Header Files</Filter>
    </ClInclude>
    <ClInclude Include="DP.h">
      <Filter>Header Files</Filter>
    </ClInclude>
    <ClInclude Include="i3gmm.h">
      <Filter>Header Files</Filter>
    </ClInclude>
    <ClInclude Include="Stut_i3gmm.h">
      <Filter>Header Files</Filter>
    </ClInclude>
    <ClInclude Include="Buffer.h">
      <Filter>Header Files\FastMat</Filter>
    </ClInclude>
    <ClInclude Include="DebugUtils.h">
      <Filter>Header Files\FastMat</Filter>
    </ClInclude>
    <ClInclude Include="Matrix.h">
      <Filter>Header Files\FastMat</Filter>
    </ClInclude>
    <ClInclude Include="Normal.h">
      <Filter>Header Files\FastMat</Filter>
    </ClInclude>
    <ClInclude Include="Stut.h">
      <Filter>Header Files\FastMat</Filter>
    </ClInclude>
    <ClInclude Include="util.h">
      <Filter>Header Files\FastMat</Filter>
    </ClInclude>
    <ClInclude Include="Vector.h">
      <Filter>Header Files\FastMat</Filter>
    </ClInclude>
    <ClInclude Include="class_handle.hpp">
      <Filter>Header Files</Filter>
    </ClInclude>
    <ClInclude Include="Wishart.h">
      <Filter>Header Files\FastMat</Filter>
    </ClInclude>
  </ItemGroup>
  <ItemGroup>
    <ClCompile Include="Distribution.cpp">
      <Filter>Source Files</Filter>
    </ClCompile>
    <ClCompile Include="DP.cpp">
      <Filter>Source Files</Filter>
    </ClCompile>
    <ClCompile Include="i3gmm.cpp">
      <Filter>Source Files</Filter>
    </ClCompile>
    <ClCompile Include="Stut_i3gmm.cpp">
      <Filter>Source Files</Filter>
    </ClCompile>
    <ClCompile Include="Buffer.cpp">
      <Filter>Source Files\FastMat</Filter>
    </ClCompile>
    <ClCompile Include="Matrix.cpp">
      <Filter>Source Files\FastMat</Filter>
    </ClCompile>
    <ClCompile Include="Normal.cpp">
      <Filter>Source Files\FastMat</Filter>
    </ClCompile>
    <ClCompile Include="Stut.cpp">
      <Filter>Source Files\FastMat</Filter>
    </ClCompile>
    <ClCompile Include="util.cpp">
      <Filter>Source Files\FastMat</Filter>
    </ClCompile>
    <ClCompile Include="Vector.cpp">
      <Filter>Source Files\FastMat</Filter>
    </ClCompile>
    <ClCompile Include="main.cpp">
      <Filter>Source Files</Filter>
    </ClCompile>
    <ClCompile Include="Wishart.cpp">
      <Filter>Source Files\FastMat</Filter>
    </ClCompile>
  </ItemGroup>
  <ItemGroup>
    <Natvis Include="halid.natvis" />
  </ItemGroup>
</Project>